
Microsoft Visual Studio Solution File, Format Version 12.00
# Visual Studio Version 17
VisualStudioVersion = 17.0.31903.59
MinimumVisualStudioVersion = 10.0.40219.1
Project("{FAE04EC0-301F-11D3-BF4B-00C04F79EFBC}") = "Expressio", "Expressio\Expressio.csproj", "{7B580B7D-C5C3-46CE-9CDC-671179712746}"
EndProject
Project("{FAE04EC0-301F-11D3-BF4B-00C04F79EFBC}") = "Expressio.Tests", "Expressio.Tests\Expressio.Tests.csproj", "{C99A276A-4906-4260-97A9-A29F0DB37537}"
EndProject
Global
	GlobalSection(SolutionConfigurationPlatforms) = preSolution
		Debug|Any CPU = Debug|Any CPU
		Release|Any CPU = Release|Any CPU
	EndGlobalSection
	GlobalSection(SolutionProperties) = preSolution
		HideSolutionNode = FALSE
	EndGlobalSection
	GlobalSection(ProjectConfigurationPlatforms) = postSolution
		{7B580B7D-C5C3-46CE-9CDC-671179712746}.Debug|Any CPU.ActiveCfg = Debug|Any CPU
		{7B580B7D-C5C3-46CE-9CDC-671179712746}.Debug|Any CPU.Build.0 = Debug|Any CPU
		{7B580B7D-C5C3-46CE-9CDC-671179712746}.Release|Any CPU.ActiveCfg = Release|Any CPU
		{7B580B7D-C5C3-46CE-9CDC-671179712746}.Release|Any CPU.Build.0 = Release|Any CPU
		{C99A276A-4906-4260-97A9-A29F0DB37537}.Debug|Any CPU.ActiveCfg = Debug|Any CPU
		{C99A276A-4906-4260-97A9-A29F0DB37537}.Debug|Any CPU.Build.0 = Debug|Any CPU
		{C99A276A-4906-4260-97A9-A29F0DB37537}.Release|Any CPU.ActiveCfg = Release|Any CPU
		{C99A276A-4906-4260-97A9-A29F0DB37537}.Release|Any CPU.Build.0 = Release|Any CPU
	EndGlobalSection
EndGlobal
